
Microsoft Visual Studio Solution File, Format Version 12.00
# Visual Studio 15
VisualStudioVersion = 15.0.28010.2003
MinimumVisualStudioVersion = 10.0.40219.1
Project("{FAE04EC0-301F-11D3-BF4B-00C04F79EFBC}") = "SixNations.Desktop", "SixNations\SixNations.Desktop\SixNations.Desktop.csproj", "{10A138CC-168E-4F20-8623-C2872E44D694}"
EndProject
Project("{2150E333-8FDC-42A3-9474-1A3956D46DE8}") = "Solution Items", "Solution Items", "{409E2933-2E67-4C76-8C93-7B4AD620FFF6}"
	ProjectSection(SolutionItems) = preProject
		COPYING = COPYING
		LICENSE = LICENSE
		README.md = README.md
	EndProjectSection
EndProject
Project("{9A19103F-16F7-4668-BE54-9A1E7A4F7556}") = "SixNations.API", "SixNations\SixNations.API\SixNations.API.csproj", "{9C7DF106-2CD2-4B87-9A39-6A388E5EFE92}"
EndProject
Project("{9A19103F-16F7-4668-BE54-9A1E7A4F7556}") = "SixNations.Data", "SixNations\SixNations.Data\SixNations.Data.csproj", "{A1B660DC-B92F-4110-9828-7BFCEF212D8C}"
EndProject
Project("{9A19103F-16F7-4668-BE54-9A1E7A4F7556}") = "SixNations.CLI", "SixNations\SixNations.CLI\SixNations.CLI.csproj", "{106EC820-87BE-4019-B63D-65E19665BE48}"
EndProject
Project("{FAE04EC0-301F-11D3-BF4B-00C04F79EFBC}") = "SixNations.Desktop.Test", "SixNations\SixNations.Desktop.Test\SixNations.Desktop.Test\SixNations.Desktop.Test.csproj", "{0A516BD8-EB66-41F0-A875-26CAF731A3F8}"
EndProject
Global
	GlobalSection(SolutionConfigurationPlatforms) = preSolution
		Debug|Any CPU = Debug|Any CPU
		Release|Any CPU = Release|Any CPU
	EndGlobalSection
	GlobalSection(ProjectConfigurationPlatforms) = postSolution
		{10A138CC-168E-4F20-8623-C2872E44D694}.Debug|Any CPU.ActiveCfg = Debug|Any CPU
		{10A138CC-168E-4F20-8623-C2872E44D694}.Debug|Any CPU.Build.0 = Debug|Any CPU
		{10A138CC-168E-4F20-8623-C2872E44D694}.Release|Any CPU.ActiveCfg = Release|Any CPU
		{10A138CC-168E-4F20-8623-C2872E44D694}.Release|Any CPU.Build.0 = Release|Any CPU
		{9C7DF106-2CD2-4B87-9A39-6A388E5EFE92}.Debug|Any CPU.ActiveCfg = Debug|Any CPU
		{9C7DF106-2CD2-4B87-9A39-6A388E5EFE92}.Debug|Any CPU.Build.0 = Debug|Any CPU
		{9C7DF106-2CD2-4B87-9A39-6A388E5EFE92}.Release|Any CPU.ActiveCfg = Release|Any CPU
		{9C7DF106-2CD2-4B87-9A39-6A388E5EFE92}.Release|Any CPU.Build.0 = Release|Any CPU
		{A1B660DC-B92F-4110-9828-7BFCEF212D8C}.Debug|Any CPU.ActiveCfg = Debug|Any CPU
		{A1B660DC-B92F-4110-9828-7BFCEF212D8C}.Debug|Any CPU.Build.0 = Debug|Any CPU
		{A1B660DC-B92F-4110-9828-7BFCEF212D8C}.Release|Any CPU.ActiveCfg = Release|Any CPU
		{A1B660DC-B92F-4110-9828-7BFCEF212D8C}.Release|Any CPU.Build.0 = Release|Any CPU
		{106EC820-87BE-4019-B63D-65E19665BE48}.Debug|Any CPU.ActiveCfg = Debug|Any CPU
		{106EC820-87BE-4019-B63D-65E19665BE48}.Debug|Any CPU.Build.0 = Debug|Any CPU
		{106EC820-87BE-4019-B63D-65E19665BE48}.Release|Any CPU.ActiveCfg = Release|Any CPU
		{106EC820-87BE-4019-B63D-65E19665BE48}.Release|Any CPU.Build.0 = Release|Any CPU
		{0A516BD8-EB66-41F0-A875-26CAF731A3F8}.Debug|Any CPU.ActiveCfg = Debug|Any CPU
		{0A516BD8-EB66-41F0-A875-26CAF731A3F8}.Debug|Any CPU.Build.0 = Debug|Any CPU
		{0A516BD8-EB66-41F0-A875-26CAF731A3F8}.Release|Any CPU.ActiveCfg = Release|Any CPU
		{0A516BD8-EB66-41F0-A875-26CAF731A3F8}.Release|Any CPU.Build.0 = Release|Any CPU
	EndGlobalSection
	GlobalSection(SolutionProperties) = preSolution
		HideSolutionNode = FALSE
	EndGlobalSection
	GlobalSection(ExtensibilityGlobals) = postSolution
		SolutionGuid = {FE90DC4C-8004-4023-AE4F-60C191B56E58}
	EndGlobalSection
EndGlobal
