
Microsoft Visual Studio Solution File, Format Version 12.00
# Visual Studio 15
VisualStudioVersion = 15.0.28010.2003
MinimumVisualStudioVersion = 10.0.40219.1
Project("{FAE04EC0-301F-11D3-BF4B-00C04F79EFBC}") = "SixNations.Desktop", "SixNations\SixNations.Desktop\SixNations.Desktop.csproj", "{10A138CC-168E-4F20-8623-C2872E44D694}"
EndProject
Project("{2150E333-8FDC-42A3-9474-1A3956D46DE8}") = "Solution Items", "Solution Items", "{409E2933-2E67-4C76-8C93-7B4AD620FFF6}"
	ProjectSection(SolutionItems) = preProject
		COPYING = COPYING
		LICENSE = LICENSE
		README.md = README.md
	EndProjectSection
EndProject
Project("{9A19103F-16F7-4668-BE54-9A1E7A4F7556}") = "SixNations.API", "SixNations.API\SixNations.API.csproj", "{FE2E7879-6BB0-45B6-98DE-373DEA65C1A4}"
EndProject
Project("{9A19103F-16F7-4668-BE54-9A1E7A4F7556}") = "SixNations.Data", "SixNations.Data\SixNations.Data.csproj", "{CF3FD937-6CF7-46CE-93AA-F9669B660449}"
EndProject
Project("{FAE04EC0-301F-11D3-BF4B-00C04F79EFBC}") = "SixNations.CLI", "SixNations.CLI\SixNations.CLI.csproj", "{BB957B77-C9F1-4415-A19E-C797696B186E}"
EndProject
Global
	GlobalSection(SolutionConfigurationPlatforms) = preSolution
		Debug|Any CPU = Debug|Any CPU
		Release|Any CPU = Release|Any CPU
	EndGlobalSection
	GlobalSection(ProjectConfigurationPlatforms) = postSolution
		{10A138CC-168E-4F20-8623-C2872E44D694}.Debug|Any CPU.ActiveCfg = Debug|Any CPU
		{10A138CC-168E-4F20-8623-C2872E44D694}.Debug|Any CPU.Build.0 = Debug|Any CPU
		{10A138CC-168E-4F20-8623-C2872E44D694}.Release|Any CPU.ActiveCfg = Release|Any CPU
		{10A138CC-168E-4F20-8623-C2872E44D694}.Release|Any CPU.Build.0 = Release|Any CPU
		{FE2E7879-6BB0-45B6-98DE-373DEA65C1A4}.Debug|Any CPU.ActiveCfg = Debug|Any CPU
		{FE2E7879-6BB0-45B6-98DE-373DEA65C1A4}.Debug|Any CPU.Build.0 = Debug|Any CPU
		{FE2E7879-6BB0-45B6-98DE-373DEA65C1A4}.Release|Any CPU.ActiveCfg = Release|Any CPU
		{FE2E7879-6BB0-45B6-98DE-373DEA65C1A4}.Release|Any CPU.Build.0 = Release|Any CPU
		{CF3FD937-6CF7-46CE-93AA-F9669B660449}.Debug|Any CPU.ActiveCfg = Debug|Any CPU
		{CF3FD937-6CF7-46CE-93AA-F9669B660449}.Debug|Any CPU.Build.0 = Debug|Any CPU
		{CF3FD937-6CF7-46CE-93AA-F9669B660449}.Release|Any CPU.ActiveCfg = Release|Any CPU
		{CF3FD937-6CF7-46CE-93AA-F9669B660449}.Release|Any CPU.Build.0 = Release|Any CPU
		{BB957B77-C9F1-4415-A19E-C797696B186E}.Debug|Any CPU.ActiveCfg = Debug|Any CPU
		{BB957B77-C9F1-4415-A19E-C797696B186E}.Debug|Any CPU.Build.0 = Debug|Any CPU
		{BB957B77-C9F1-4415-A19E-C797696B186E}.Release|Any CPU.ActiveCfg = Release|Any CPU
		{BB957B77-C9F1-4415-A19E-C797696B186E}.Release|Any CPU.Build.0 = Release|Any CPU
	EndGlobalSection
	GlobalSection(SolutionProperties) = preSolution
		HideSolutionNode = FALSE
	EndGlobalSection
	GlobalSection(ExtensibilityGlobals) = postSolution
		SolutionGuid = {FE90DC4C-8004-4023-AE4F-60C191B56E58}
	EndGlobalSection
EndGlobal
